
Microsoft Visual Studio Solution File, Format Version 12.00
# Visual Studio Version 17
VisualStudioVersion = 17.5.33530.505
MinimumVisualStudioVersion = 10.0.40219.1
Project("{FAE04EC0-301F-11D3-BF4B-00C04F79EFBC}") = "RevolvingGamesGRPCService", "RevolvingGamesGRPCService\RevolvingGamesGRPCService.csproj", "{CEE1320D-93DF-475C-AED3-EF291599662F}"
EndProject
Project("{FAE04EC0-301F-11D3-BF4B-00C04F79EFBC}") = "RevolvingGamesGRPCClient", "RevolvingGamesGRPCClient\RevolvingGamesGRPCClient.csproj", "{74A4703F-DC62-412F-9D09-75C7F4D16C42}"
EndProject
Global
	GlobalSection(SolutionConfigurationPlatforms) = preSolution
		Debug|Any CPU = Debug|Any CPU
		Release|Any CPU = Release|Any CPU
	EndGlobalSection
	GlobalSection(ProjectConfigurationPlatforms) = postSolution
		{CEE1320D-93DF-475C-AED3-EF291599662F}.Debug|Any CPU.ActiveCfg = Debug|Any CPU
		{CEE1320D-93DF-475C-AED3-EF291599662F}.Debug|Any CPU.Build.0 = Debug|Any CPU
		{CEE1320D-93DF-475C-AED3-EF291599662F}.Release|Any CPU.ActiveCfg = Release|Any CPU
		{CEE1320D-93DF-475C-AED3-EF291599662F}.Release|Any CPU.Build.0 = Release|Any CPU
		{74A4703F-DC62-412F-9D09-75C7F4D16C42}.Debug|Any CPU.ActiveCfg = Debug|Any CPU
		{74A4703F-DC62-412F-9D09-75C7F4D16C42}.Debug|Any CPU.Build.0 = Debug|Any CPU
		{74A4703F-DC62-412F-9D09-75C7F4D16C42}.Release|Any CPU.ActiveCfg = Release|Any CPU
		{74A4703F-DC62-412F-9D09-75C7F4D16C42}.Release|Any CPU.Build.0 = Release|Any CPU
	EndGlobalSection
	GlobalSection(SolutionProperties) = preSolution
		HideSolutionNode = FALSE
	EndGlobalSection
	GlobalSection(ExtensibilityGlobals) = postSolution
		SolutionGuid = {54B01D86-E73B-4191-831B-D3B09582862E}
	EndGlobalSection
EndGlobal
